<?xml version="1.0" encoding="UTF-8"?>
<Project ToolsVersion="4.0" xmlns="http://schemas.microsoft.com/developer/msbuild/2003">
  <ItemGroup>
    <ClCompile Include="D:\GitWorkplace\reflections\CMakeWorkspace\CMakeSecond\main.cpp">
      <Filter>Source Files</Filter>
    </ClCompile>
    <ClCompile Include="D:\GitWorkplace\reflections\CMakeWorkspace\CMakeSecond\ToDO.cpp">
      <Filter>Source Files</Filter>
    </ClCompile>
  </ItemGroup>
  <ItemGroup>
    <CustomBuild Include="D:\GitWorkplace\reflections\CMakeWorkspace\CMakeSecond\CMakeLists.txt" />
  </ItemGroup>
  <ItemGroup>
    <Filter Include="Source Files">
      <UniqueIdentifier>{200BCD76-F812-3FDB-BA0E-4F17609782AF}</UniqueIdentifier>
    </Filter>
  </ItemGroup>
</Project>
